
Microsoft Visual Studio Solution File, Format Version 12.00
# Visual Studio Version 17
VisualStudioVersion = 17.5.33627.172
MinimumVisualStudioVersion = 10.0.40219.1
Project("{FAE04EC0-301F-11D3-BF4B-00C04F79EFBC}") = "Guardian", "Guardian\Guardian.csproj", "{18C0797B-70DF-4E31-9E82-D4B2B312D4D1}"
EndProject
Project("{FAE04EC0-301F-11D3-BF4B-00C04F79EFBC}") = "Guardian.Tests.Integration", "Guardian.Tests.Integration\Guardian.Tests.Integration.csproj", "{22599F02-5C99-4AC5-89EF-DC081BF98591}"
EndProject
Project("{FAE04EC0-301F-11D3-BF4B-00C04F79EFBC}") = "Guardian.Tests.Unit", "Guardian.Tests.Unit\Guardian.Tests.Unit.csproj", "{8B58BE3F-FB13-4536-9B30-D13D90B9CE86}"
EndProject
Global
	GlobalSection(SolutionConfigurationPlatforms) = preSolution
		Debug|Any CPU = Debug|Any CPU
		Release|Any CPU = Release|Any CPU
	EndGlobalSection
	GlobalSection(ProjectConfigurationPlatforms) = postSolution
		{18C0797B-70DF-4E31-9E82-D4B2B312D4D1}.Debug|Any CPU.ActiveCfg = Debug|Any CPU
		{18C0797B-70DF-4E31-9E82-D4B2B312D4D1}.Debug|Any CPU.Build.0 = Debug|Any CPU
		{18C0797B-70DF-4E31-9E82-D4B2B312D4D1}.Release|Any CPU.ActiveCfg = Release|Any CPU
		{18C0797B-70DF-4E31-9E82-D4B2B312D4D1}.Release|Any CPU.Build.0 = Release|Any CPU
		{22599F02-5C99-4AC5-89EF-DC081BF98591}.Debug|Any CPU.ActiveCfg = Debug|Any CPU
		{22599F02-5C99-4AC5-89EF-DC081BF98591}.Debug|Any CPU.Build.0 = Debug|Any CPU
		{22599F02-5C99-4AC5-89EF-DC081BF98591}.Release|Any CPU.ActiveCfg = Release|Any CPU
		{22599F02-5C99-4AC5-89EF-DC081BF98591}.Release|Any CPU.Build.0 = Release|Any CPU
		{8B58BE3F-FB13-4536-9B30-D13D90B9CE86}.Debug|Any CPU.ActiveCfg = Debug|Any CPU
		{8B58BE3F-FB13-4536-9B30-D13D90B9CE86}.Debug|Any CPU.Build.0 = Debug|Any CPU
		{8B58BE3F-FB13-4536-9B30-D13D90B9CE86}.Release|Any CPU.ActiveCfg = Release|Any CPU
		{8B58BE3F-FB13-4536-9B30-D13D90B9CE86}.Release|Any CPU.Build.0 = Release|Any CPU
	EndGlobalSection
	GlobalSection(SolutionProperties) = preSolution
		HideSolutionNode = FALSE
	EndGlobalSection
	GlobalSection(ExtensibilityGlobals) = postSolution
		SolutionGuid = {657A4EFA-FFDC-4713-868A-17C5D30F36A1}
	EndGlobalSection
EndGlobal
